
Microsoft Visual Studio Solution File, Format Version 12.00
# Visual Studio 15
VisualStudioVersion = 15.0.27703.2035
MinimumVisualStudioVersion = 10.0.40219.1
Project("{FAE04EC0-301F-11D3-BF4B-00C04F79EFBC}") = "CodingChallenges", "CodingChallenges\CodingChallenges.csproj", "{74FDFB1D-E7DB-41FF-96AC-992A34949ED2}"
EndProject
Project("{FAE04EC0-301F-11D3-BF4B-00C04F79EFBC}") = "XUnitTestProject1", "XUnitTestProject1\XUnitTestProject1.csproj", "{BC646E06-2848-42F8-A74A-CFFCE1D47947}"
EndProject
Global
	GlobalSection(SolutionConfigurationPlatforms) = preSolution
		Debug|Any CPU = Debug|Any CPU
		Release|Any CPU = Release|Any CPU
	EndGlobalSection
	GlobalSection(ProjectConfigurationPlatforms) = postSolution
		{74FDFB1D-E7DB-41FF-96AC-992A34949ED2}.Debug|Any CPU.ActiveCfg = Debug|Any CPU
		{74FDFB1D-E7DB-41FF-96AC-992A34949ED2}.Debug|Any CPU.Build.0 = Debug|Any CPU
		{74FDFB1D-E7DB-41FF-96AC-992A34949ED2}.Release|Any CPU.ActiveCfg = Release|Any CPU
		{74FDFB1D-E7DB-41FF-96AC-992A34949ED2}.Release|Any CPU.Build.0 = Release|Any CPU
		{BC646E06-2848-42F8-A74A-CFFCE1D47947}.Debug|Any CPU.ActiveCfg = Debug|Any CPU
		{BC646E06-2848-42F8-A74A-CFFCE1D47947}.Debug|Any CPU.Build.0 = Debug|Any CPU
		{BC646E06-2848-42F8-A74A-CFFCE1D47947}.Release|Any CPU.ActiveCfg = Release|Any CPU
		{BC646E06-2848-42F8-A74A-CFFCE1D47947}.Release|Any CPU.Build.0 = Release|Any CPU
	EndGlobalSection
	GlobalSection(SolutionProperties) = preSolution
		HideSolutionNode = FALSE
	EndGlobalSection
	GlobalSection(ExtensibilityGlobals) = postSolution
		SolutionGuid = {54E6D401-95BE-42CC-A723-6C468CF5E31C}
	EndGlobalSection
EndGlobal
